
Microsoft Visual Studio Solution File, Format Version 12.00
# Visual Studio 15
VisualStudioVersion = 15.0.28307.645
MinimumVisualStudioVersion = 10.0.40219.1
Project("{FAE04EC0-301F-11D3-BF4B-00C04F79EFBC}") = "SupermarketAPI", "SupermarketAPI\SupermarketAPI.csproj", "{97FBCB34-D93A-45E9-AF99-5CB43197179E}"
EndProject
Global
	GlobalSection(SolutionConfigurationPlatforms) = preSolution
		Debug|Any CPU = Debug|Any CPU
		Release|Any CPU = Release|Any CPU
	EndGlobalSection
	GlobalSection(ProjectConfigurationPlatforms) = postSolution
		{97FBCB34-D93A-45E9-AF99-5CB43197179E}.Debug|Any CPU.ActiveCfg = Debug|Any CPU
		{97FBCB34-D93A-45E9-AF99-5CB43197179E}.Debug|Any CPU.Build.0 = Debug|Any CPU
		{97FBCB34-D93A-45E9-AF99-5CB43197179E}.Release|Any CPU.ActiveCfg = Release|Any CPU
		{97FBCB34-D93A-45E9-AF99-5CB43197179E}.Release|Any CPU.Build.0 = Release|Any CPU
	EndGlobalSection
	GlobalSection(SolutionProperties) = preSolution
		HideSolutionNode = FALSE
	EndGlobalSection
	GlobalSection(ExtensibilityGlobals) = postSolution
		SolutionGuid = {A9C48A41-FA1E-40F4-8020-1A2FB374C3CB}
	EndGlobalSection
EndGlobal
